// !$*UTF8*$!
{
	archiveVersion = 1;
	classes = {
	};
	objectVersion = 46;
	objects = {

/* Begin PBXBuildFile section */
		37179B231B3148A600EA23FA /* AppDelegate.swift in Sources */ = {isa = PBXBuildFile; fileRef = 37179B221B3148A600EA23FA /* AppDelegate.swift */; };
		37179B251B3148A600EA23FA /* ViewController.swift in Sources */ = {isa = PBXBuildFile; fileRef = 37179B241B3148A600EA23FA /* ViewController.swift */; };
		37179B281B3148A600EA23FA /* Main.storyboard in Resources */ = {isa = PBXBuildFile; fileRef = 37179B261B3148A600EA23FA /* Main.storyboard */; };
		37179B2A1B3148A600EA23FA /* Images.xcassets in Resources */ = {isa = PBXBuildFile; fileRef = 37179B291B3148A600EA23FA /* Images.xcassets */; };
		37179B2D1B3148A600EA23FA /* LaunchScreen.xib in Resources */ = {isa = PBXBuildFile; fileRef = 37179B2B1B3148A600EA23FA /* LaunchScreen.xib */; };
		37179B391B3148A600EA23FA /* kankouAppTests.swift in Sources */ = {isa = PBXBuildFile; fileRef = 37179B381B3148A600EA23FA /* kankouAppTests.swift */; };
		3763BEBB1B47B58100DB0C50 /* PhotoStory.swift in Sources */ = {isa = PBXBuildFile; fileRef = 3763BEBA1B47B58100DB0C50 /* PhotoStory.swift */; };
		3763BEBD1B47B6A000DB0C50 /* Category.swift in Sources */ = {isa = PBXBuildFile; fileRef = 3763BEBC1B47B6A000DB0C50 /* Category.swift */; };
		3763BEBF1B47B72D00DB0C50 /* Detail.swift in Sources */ = {isa = PBXBuildFile; fileRef = 3763BEBE1B47B72D00DB0C50 /* Detail.swift */; };
		3763BEC11B47B77600DB0C50 /* Map.swift in Sources */ = {isa = PBXBuildFile; fileRef = 3763BEC01B47B77600DB0C50 /* Map.swift */; };
		37A067FC1B424D3D00C4D533 /* PinBuy.csv in Resources */ = {isa = PBXBuildFile; fileRef = 37A067FB1B424D3D00C4D533 /* PinBuy.csv */; };
		37A067FE1B424D4400C4D533 /* PinEat.csv in Resources */ = {isa = PBXBuildFile; fileRef = 37A067FD1B424D4400C4D533 /* PinEat.csv */; };
		37A068001B424D4C00C4D533 /* PinLook.csv in Resources */ = {isa = PBXBuildFile; fileRef = 37A067FF1B424D4C00C4D533 /* PinLook.csv */; };
		37C79F0C1B3E7B4E00BE5736 /* WebPage_old.swift in Sources */ = {isa = PBXBuildFile; fileRef = 37C79F0B1B3E7B4E00BE5736 /* WebPage_old.swift */; };
		37CB788A1B442F4D00A7098F /* ki-ko.gif in Resources */ = {isa = PBXBuildFile; fileRef = 37CB78891B442F4D00A7098F /* ki-ko.gif */; };
		37CB788C1B442F5600A7098F /* logo.png in Resources */ = {isa = PBXBuildFile; fileRef = 37CB788B1B442F5600A7098F /* logo.png */; };
		37CB788E1B442F5C00A7098F /* hukidashi.png in Resources */ = {isa = PBXBuildFile; fileRef = 37CB788D1B442F5C00A7098F /* hukidashi.png */; };
		71C684521B3538A80013D5BE /* MapKit.framework in Frameworks */ = {isa = PBXBuildFile; fileRef = 71C684511B3538A80013D5BE /* MapKit.framework */; };
		71C684541B3538AF0013D5BE /* WebKit.framework in Frameworks */ = {isa = PBXBuildFile; fileRef = 71C684531B3538AF0013D5BE /* WebKit.framework */; };
		71C684561B353A0F0013D5BE /* tourmap_old.swift in Sources */ = {isa = PBXBuildFile; fileRef = 71C684551B353A0F0013D5BE /* tourmap_old.swift */; };
		71C684581B353A380013D5BE /* weather.swift in Sources */ = {isa = PBXBuildFile; fileRef = 71C684571B353A380013D5BE /* weather.swift */; };
		8F3977961B46499800B4DACF /* CoreLocation.framework in Frameworks */ = {isa = PBXBuildFile; fileRef = 8F3977951B46499800B4DACF /* CoreLocation.framework */; };
		9C5D6B741B43F58F00F65825 /* SwiftyJSON.swift in Sources */ = {isa = PBXBuildFile; fileRef = 9C5D6B731B43F58F00F65825 /* SwiftyJSON.swift */; };
/* End PBXBuildFile section */

/* Begin PBXContainerItemProxy section */
		37179B331B3148A600EA23FA /* PBXContainerItemProxy */ = {
			isa = PBXContainerItemProxy;
			containerPortal = 37179B151B3148A600EA23FA /* Project object */;
			proxyType = 1;
			remoteGlobalIDString = 37179B1C1B3148A600EA23FA;
			remoteInfo = kankouApp;
		};
/* End PBXContainerItemProxy section */

/* Begin PBXFileReference section */
		37179B1D1B3148A600EA23FA /* kankouApp.app */ = {isa = PBXFileReference; explicitFileType = wrapper.application; includeInIndex = 0; path = kankouApp.app; sourceTree = BUILT_PRODUCTS_DIR; };
		37179B211B3148A600EA23FA /* Info.plist */ = {isa = PBXFileReference; lastKnownFileType = text.plist.xml; path = Info.plist; sourceTree = "<group>"; };
		37179B221B3148A600EA23FA /* AppDelegate.swift */ = {isa = PBXFileReference; lastKnownFileType = sourcecode.swift; path = AppDelegate.swift; sourceTree = "<group>"; };
		37179B241B3148A600EA23FA /* ViewController.swift */ = {isa = PBXFileReference; lastKnownFileType = sourcecode.swift; path = ViewController.swift; sourceTree = "<group>"; };
		37179B271B3148A600EA23FA /* Base */ = {isa = PBXFileReference; lastKnownFileType = file.storyboard; name = Base; path = Base.lproj/Main.storyboard; sourceTree = "<group>"; };
		37179B291B3148A600EA23FA /* Images.xcassets */ = {isa = PBXFileReference; lastKnownFileType = folder.assetcatalog; path = Images.xcassets; sourceTree = "<group>"; };
		37179B2C1B3148A600EA23FA /* Base */ = {isa = PBXFileReference; lastKnownFileType = file.xib; name = Base; path = Base.lproj/LaunchScreen.xib; sourceTree = "<group>"; };
		37179B321B3148A600EA23FA /* kankouAppTests.xctest */ = {isa = PBXFileReference; explicitFileType = wrapper.cfbundle; includeInIndex = 0; path = kankouAppTests.xctest; sourceTree = BUILT_PRODUCTS_DIR; };
		37179B371B3148A600EA23FA /* Info.plist */ = {isa = PBXFileReference; lastKnownFileType = text.plist.xml; path = Info.plist; sourceTree = "<group>"; };
		37179B381B3148A600EA23FA /* kankouAppTests.swift */ = {isa = PBXFileReference; lastKnownFileType = sourcecode.swift; path = kankouAppTests.swift; sourceTree = "<group>"; };
		3763BEBA1B47B58100DB0C50 /* PhotoStory.swift */ = {isa = PBXFileReference; fileEncoding = 4; lastKnownFileType = sourcecode.swift; path = PhotoStory.swift; sourceTree = "<group>"; };
		3763BEBC1B47B6A000DB0C50 /* Category.swift */ = {isa = PBXFileReference; fileEncoding = 4; lastKnownFileType = sourcecode.swift; path = Category.swift; sourceTree = "<group>"; };
		3763BEBE1B47B72D00DB0C50 /* Detail.swift */ = {isa = PBXFileReference; fileEncoding = 4; lastKnownFileType = sourcecode.swift; path = Detail.swift; sourceTree = "<group>"; };
		3763BEC01B47B77600DB0C50 /* Map.swift */ = {isa = PBXFileReference; fileEncoding = 4; lastKnownFileType = sourcecode.swift; path = Map.swift; sourceTree = "<group>"; };
		37A067FB1B424D3D00C4D533 /* PinBuy.csv */ = {isa = PBXFileReference; fileEncoding = 4; lastKnownFileType = text; path = PinBuy.csv; sourceTree = "<group>"; };
		37A067FD1B424D4400C4D533 /* PinEat.csv */ = {isa = PBXFileReference; fileEncoding = 4; lastKnownFileType = text; path = PinEat.csv; sourceTree = "<group>"; };
		37A067FF1B424D4C00C4D533 /* PinLook.csv */ = {isa = PBXFileReference; fileEncoding = 4; lastKnownFileType = text; path = PinLook.csv; sourceTree = "<group>"; };
		37C79F0B1B3E7B4E00BE5736 /* WebPage_old.swift */ = {isa = PBXFileReference; fileEncoding = 4; lastKnownFileType = sourcecode.swift; path = WebPage_old.swift; sourceTree = "<group>"; };
		37CB78891B442F4D00A7098F /* ki-ko.gif */ = {isa = PBXFileReference; lastKnownFileType = image.gif; path = "ki-ko.gif"; sourceTree = "<group>"; };
		37CB788B1B442F5600A7098F /* logo.png */ = {isa = PBXFileReference; lastKnownFileType = image.png; path = logo.png; sourceTree = "<group>"; };
		37CB788D1B442F5C00A7098F /* hukidashi.png */ = {isa = PBXFileReference; lastKnownFileType = image.png; path = hukidashi.png; sourceTree = "<group>"; };
		71C684511B3538A80013D5BE /* MapKit.framework */ = {isa = PBXFileReference; lastKnownFileType = wrapper.framework; name = MapKit.framework; path = System/Library/Frameworks/MapKit.framework; sourceTree = SDKROOT; };
		71C684531B3538AF0013D5BE /* WebKit.framework */ = {isa = PBXFileReference; lastKnownFileType = wrapper.framework; name = WebKit.framework; path = System/Library/Frameworks/WebKit.framework; sourceTree = SDKROOT; };
		71C684551B353A0F0013D5BE /* tourmap_old.swift */ = {isa = PBXFileReference; fileEncoding = 4; lastKnownFileType = sourcecode.swift; path = tourmap_old.swift; sourceTree = "<group>"; };
		71C684571B353A380013D5BE /* weather.swift */ = {isa = PBXFileReference; fileEncoding = 4; lastKnownFileType = sourcecode.swift; path = weather.swift; sourceTree = "<group>"; };
		8F3977951B46499800B4DACF /* CoreLocation.framework */ = {isa = PBXFileReference; lastKnownFileType = wrapper.framework; name = CoreLocation.framework; path = System/Library/Frameworks/CoreLocation.framework; sourceTree = SDKROOT; };
		9C5D6B731B43F58F00F65825 /* SwiftyJSON.swift */ = {isa = PBXFileReference; fileEncoding = 4; lastKnownFileType = sourcecode.swift; path = SwiftyJSON.swift; sourceTree = "<group>"; };
		9C5D6B751B43F59800F65825 /* SwiftyJSON.h */ = {isa = PBXFileReference; lastKnownFileType = sourcecode.c.h; path = SwiftyJSON.h; sourceTree = "<group>"; };
/* End PBXFileReference section */

/* Begin PBXFrameworksBuildPhase section */
		37179B1A1B3148A600EA23FA /* Frameworks */ = {
			isa = PBXFrameworksBuildPhase;
			buildActionMask = 2147483647;
			files = (
				8F3977961B46499800B4DACF /* CoreLocation.framework in Frameworks */,
				71C684541B3538AF0013D5BE /* WebKit.framework in Frameworks */,
				71C684521B3538A80013D5BE /* MapKit.framework in Frameworks */,
			);
			runOnlyForDeploymentPostprocessing = 0;
		};
		37179B2F1B3148A600EA23FA /* Frameworks */ = {
			isa = PBXFrameworksBuildPhase;
			buildActionMask = 2147483647;
			files = (
			);
			runOnlyForDeploymentPostprocessing = 0;
		};
/* End PBXFrameworksBuildPhase section */

/* Begin PBXGroup section */
		37179B141B3148A600EA23FA = {
			isa = PBXGroup;
			children = (
				8F3977951B46499800B4DACF /* CoreLocation.framework */,
				71C684531B3538AF0013D5BE /* WebKit.framework */,
				71C684511B3538A80013D5BE /* MapKit.framework */,
				37179B1F1B3148A600EA23FA /* kankouApp */,
				37179B351B3148A600EA23FA /* kankouAppTests */,
				37179B1E1B3148A600EA23FA /* Products */,
			);
			sourceTree = "<group>";
		};
		37179B1E1B3148A600EA23FA /* Products */ = {
			isa = PBXGroup;
			children = (
				37179B1D1B3148A600EA23FA /* kankouApp.app */,
				37179B321B3148A600EA23FA /* kankouAppTests.xctest */,
			);
			name = Products;
			sourceTree = "<group>";
		};
		37179B1F1B3148A600EA23FA /* kankouApp */ = {
			isa = PBXGroup;
			children = (
				37179B221B3148A600EA23FA /* AppDelegate.swift */,
				37179B241B3148A600EA23FA /* ViewController.swift */,
				37179B261B3148A600EA23FA /* Main.storyboard */,
				3763BEC01B47B77600DB0C50 /* Map.swift */,
				3763BEBE1B47B72D00DB0C50 /* Detail.swift */,
				3763BEBC1B47B6A000DB0C50 /* Category.swift */,
				3763BEBA1B47B58100DB0C50 /* PhotoStory.swift */,
				37179B291B3148A600EA23FA /* Images.xcassets */,
				37179B2B1B3148A600EA23FA /* LaunchScreen.xib */,
				37179B201B3148A600EA23FA /* Supporting Files */,
				71C684551B353A0F0013D5BE /* tourmap_old.swift */,
				37C79F0B1B3E7B4E00BE5736 /* WebPage_old.swift */,
				71C684571B353A380013D5BE /* weather.swift */,
			);
			path = kankouApp;
			sourceTree = "<group>";
		};
		37179B201B3148A600EA23FA /* Supporting Files */ = {
			isa = PBXGroup;
			children = (
				9C5D6B751B43F59800F65825 /* SwiftyJSON.h */,
				9C5D6B731B43F58F00F65825 /* SwiftyJSON.swift */,
				37CB788B1B442F5600A7098F /* logo.png */,
				37CB78891B442F4D00A7098F /* ki-ko.gif */,
				37CB788D1B442F5C00A7098F /* hukidashi.png */,
				37179B211B3148A600EA23FA /* Info.plist */,
				37A067FB1B424D3D00C4D533 /* PinBuy.csv */,
				37A067FD1B424D4400C4D533 /* PinEat.csv */,
				37A067FF1B424D4C00C4D533 /* PinLook.csv */,
			);
			name = "Supporting Files";
			sourceTree = "<group>";
		};
		37179B351B3148A600EA23FA /* kankouAppTests */ = {
			isa = PBXGroup;
			children = (
				37179B381B3148A600EA23FA /* kankouAppTests.swift */,
				37179B361B3148A600EA23FA /* Supporting Files */,
			);
			path = kankouAppTests;
			sourceTree = "<group>";
		};
		37179B361B3148A600EA23FA /* Supporting Files */ = {
			isa = PBXGroup;
			children = (
				37179B371B3148A600EA23FA /* Info.plist */,
			);
			name = "Supporting Files";
			sourceTree = "<group>";
		};
/* End PBXGroup section */

/* Begin PBXNativeTarget section */
		37179B1C1B3148A600EA23FA /* kankouApp */ = {
			isa = PBXNativeTarget;
			buildConfigurationList = 37179B3C1B3148A600EA23FA /* Build configuration list for PBXNativeTarget "kankouApp" */;
			buildPhases = (
				37179B191B3148A600EA23FA /* Sources */,
				37179B1A1B3148A600EA23FA /* Frameworks */,
				37179B1B1B3148A600EA23FA /* Resources */,
			);
			buildRules = (
			);
			dependencies = (
			);
			name = kankouApp;
			productName = kankouApp;
			productReference = 37179B1D1B3148A600EA23FA /* kankouApp.app */;
			productType = "com.apple.product-type.application";
		};
		37179B311B3148A600EA23FA /* kankouAppTests */ = {
			isa = PBXNativeTarget;
			buildConfigurationList = 37179B3F1B3148A600EA23FA /* Build configuration list for PBXNativeTarget "kankouAppTests" */;
			buildPhases = (
				37179B2E1B3148A600EA23FA /* Sources */,
				37179B2F1B3148A600EA23FA /* Frameworks */,
				37179B301B3148A600EA23FA /* Resources */,
			);
			buildRules = (
			);
			dependencies = (
				37179B341B3148A600EA23FA /* PBXTargetDependency */,
			);
			name = kankouAppTests;
			productName = kankouAppTests;
			productReference = 37179B321B3148A600EA23FA /* kankouAppTests.xctest */;
			productType = "com.apple.product-type.bundle.unit-test";
		};
/* End PBXNativeTarget section */

/* Begin PBXProject section */
		37179B151B3148A600EA23FA /* Project object */ = {
			isa = PBXProject;
			attributes = {
				LastUpgradeCheck = 0630;
				ORGANIZATIONNAME = Kenta;
				TargetAttributes = {
					37179B1C1B3148A600EA23FA = {
						CreatedOnToolsVersion = 6.3.2;
					};
					37179B311B3148A600EA23FA = {
						CreatedOnToolsVersion = 6.3.2;
						TestTargetID = 37179B1C1B3148A600EA23FA;
					};
				};
			};
			buildConfigurationList = 37179B181B3148A600EA23FA /* Build configuration list for PBXProject "kankouApp" */;
			compatibilityVersion = "Xcode 3.2";
			developmentRegion = English;
			hasScannedForEncodings = 0;
			knownRegions = (
				en,
				Base,
			);
			mainGroup = 37179B141B3148A600EA23FA;
			productRefGroup = 37179B1E1B3148A600EA23FA /* Products */;
			projectDirPath = "";
			projectRoot = "";
			targets = (
				37179B1C1B3148A600EA23FA /* kankouApp */,
				37179B311B3148A600EA23FA /* kankouAppTests */,
			);
		};
/* End PBXProject section */

/* Begin PBXResourcesBuildPhase section */
		37179B1B1B3148A600EA23FA /* Resources */ = {
			isa = PBXResourcesBuildPhase;
			buildActionMask = 2147483647;
			files = (
				37179B281B3148A600EA23FA /* Main.storyboard in Resources */,
				37A068001B424D4C00C4D533 /* PinLook.csv in Resources */,
				37179B2D1B3148A600EA23FA /* LaunchScreen.xib in Resources */,
				37CB788E1B442F5C00A7098F /* hukidashi.png in Resources */,
				37179B2A1B3148A600EA23FA /* Images.xcassets in Resources */,
				37CB788C1B442F5600A7098F /* logo.png in Resources */,
				37A067FE1B424D4400C4D533 /* PinEat.csv in Resources */,
				37A067FC1B424D3D00C4D533 /* PinBuy.csv in Resources */,
				37CB788A1B442F4D00A7098F /* ki-ko.gif in Resources */,
			);
			runOnlyForDeploymentPostprocessing = 0;
		};
		37179B301B3148A600EA23FA /* Resources */ = {
			isa = PBXResourcesBuildPhase;
			buildActionMask = 2147483647;
			files = (
			);
			runOnlyForDeploymentPostprocessing = 0;
		};
/* End PBXResourcesBuildPhase section */

/* Begin PBXSourcesBuildPhase section */
		37179B191B3148A600EA23FA /* Sources */ = {
			isa = PBXSourcesBuildPhase;
			buildActionMask = 2147483647;
			files = (
				3763BEC11B47B77600DB0C50 /* Map.swift in Sources */,
				71C684581B353A380013D5BE /* weather.swift in Sources */,
				37179B251B3148A600EA23FA /* ViewController.swift in Sources */,
				3763BEBF1B47B72D00DB0C50 /* Detail.swift in Sources */,
				37C79F0C1B3E7B4E00BE5736 /* WebPage_old.swift in Sources */,
				9C5D6B741B43F58F00F65825 /* SwiftyJSON.swift in Sources */,
				37179B231B3148A600EA23FA /* AppDelegate.swift in Sources */,
				71C684561B353A0F0013D5BE /* tourmap_old.swift in Sources */,
				3763BEBB1B47B58100DB0C50 /* PhotoStory.swift in Sources */,
				3763BEBD1B47B6A000DB0C50 /* Category.swift in Sources */,
			);
			runOnlyForDeploymentPostprocessing = 0;
		};
		37179B2E1B3148A600EA23FA /* Sources */ = {
			isa = PBXSourcesBuildPhase;
			buildActionMask = 2147483647;
			files = (
				37179B391B3148A600EA23FA /* kankouAppTests.swift in Sources */,
			);
			runOnlyForDeploymentPostprocessing = 0;
		};
/* End PBXSourcesBuildPhase section */

/* Begin PBXTargetDependency section */
		37179B341B3148A600EA23FA /* PBXTargetDependency */ = {
			isa = PBXTargetDependency;
			target = 37179B1C1B3148A600EA23FA /* kankouApp */;
			targetProxy = 37179B331B3148A600EA23FA /* PBXContainerItemProxy */;
		};
/* End PBXTargetDependency section */

/* Begin PBXVariantGroup section */
		37179B261B3148A600EA23FA /* Main.storyboard */ = {
			isa = PBXVariantGroup;
			children = (
				37179B271B3148A600EA23FA /* Base */,
			);
			name = Main.storyboard;
			sourceTree = "<group>";
		};
		37179B2B1B3148A600EA23FA /* LaunchScreen.xib */ = {
			isa = PBXVariantGroup;
			children = (
				37179B2C1B3148A600EA23FA /* Base */,
			);
			name = LaunchScreen.xib;
			sourceTree = "<group>";
		};
/* End PBXVariantGroup section */

/* Begin XCBuildConfiguration section */
		37179B3A1B3148A600EA23FA /* Debug */ = {
			isa = XCBuildConfiguration;
			buildSettings = {
				ALWAYS_SEARCH_USER_PATHS = NO;
				CLANG_CXX_LANGUAGE_STANDARD = "gnu++0x";
				CLANG_CXX_LIBRARY = "libc++";
				CLANG_ENABLE_MODULES = YES;
				CLANG_ENABLE_OBJC_ARC = YES;
				CLANG_WARN_BOOL_CONVERSION = YES;
				CLANG_WARN_CONSTANT_CONVERSION = YES;
				CLANG_WARN_DIRECT_OBJC_ISA_USAGE = YES_ERROR;
				CLANG_WARN_EMPTY_BODY = YES;
				CLANG_WARN_ENUM_CONVERSION = YES;
				CLANG_WARN_INT_CONVERSION = YES;
				CLANG_WARN_OBJC_ROOT_CLASS = YES_ERROR;
				CLANG_WARN_UNREACHABLE_CODE = YES;
				CLANG_WARN__DUPLICATE_METHOD_MATCH = YES;
				"CODE_SIGN_IDENTITY[sdk=iphoneos*]" = "iPhone Developer";
				COPY_PHASE_STRIP = NO;
				DEBUG_INFORMATION_FORMAT = "dwarf-with-dsym";
				ENABLE_STRICT_OBJC_MSGSEND = YES;
				GCC_C_LANGUAGE_STANDARD = gnu99;
				GCC_DYNAMIC_NO_PIC = NO;
				GCC_NO_COMMON_BLOCKS = YES;
				GCC_OPTIMIZATION_LEVEL = 0;
				GCC_PREPROCESSOR_DEFINITIONS = (
					"DEBUG=1",
					"$(inherited)",
				);
				GCC_SYMBOLS_PRIVATE_EXTERN = NO;
				GCC_WARN_64_TO_32_BIT_CONVERSION = YES;
				GCC_WARN_ABOUT_RETURN_TYPE = YES_ERROR;
				GCC_WARN_UNDECLARED_SELECTOR = YES;
				GCC_WARN_UNINITIALIZED_AUTOS = YES_AGGRESSIVE;
				GCC_WARN_UNUSED_FUNCTION = YES;
				GCC_WARN_UNUSED_VARIABLE = YES;
				IPHONEOS_DEPLOYMENT_TARGET = 8.3;
				MTL_ENABLE_DEBUG_INFO = YES;
				ONLY_ACTIVE_ARCH = YES;
				SDKROOT = iphoneos;
				SWIFT_OPTIMIZATION_LEVEL = "-Onone";
			};
			name = Debug;
		};
		37179B3B1B3148A600EA23FA /* Release */ = {
			isa = XCBuildConfiguration;
			buildSettings = {
				ALWAYS_SEARCH_USER_PATHS = NO;
				CLANG_CXX_LANGUAGE_STANDARD = "gnu++0x";
				CLANG_CXX_LIBRARY = "libc++";
				CLANG_ENABLE_MODULES = YES;
				CLANG_ENABLE_OBJC_ARC = YES;
				CLANG_WARN_BOOL_CONVERSION = YES;
				CLANG_WARN_CONSTANT_CONVERSION = YES;
				CLANG_WARN_DIRECT_OBJC_ISA_USAGE = YES_ERROR;
				CLANG_WARN_EMPTY_BODY = YES;
				CLANG_WARN_ENUM_CONVERSION = YES;
				CLANG_WARN_INT_CONVERSION = YES;
				CLANG_WARN_OBJC_ROOT_CLASS = YES_ERROR;
				CLANG_WARN_UNREACHABLE_CODE = YES;
				CLANG_WARN__DUPLICATE_METHOD_MATCH = YES;
				"CODE_SIGN_IDENTITY[sdk=iphoneos*]" = "iPhone Developer";
				COPY_PHASE_STRIP = NO;
				DEBUG_INFORMATION_FORMAT = "dwarf-with-dsym";
				ENABLE_NS_ASSERTIONS = NO;
				ENABLE_STRICT_OBJC_MSGSEND = YES;
				GCC_C_LANGUAGE_STANDARD = gnu99;
				GCC_NO_COMMON_BLOCKS = YES;
				GCC_WARN_64_TO_32_BIT_CONVERSION = YES;
				GCC_WARN_ABOUT_RETURN_TYPE = YES_ERROR;
				GCC_WARN_UNDECLARED_SELECTOR = YES;
				GCC_WARN_UNINITIALIZED_AUTOS = YES_AGGRESSIVE;
				GCC_WARN_UNUSED_FUNCTION = YES;
				GCC_WARN_UNUSED_VARIABLE = YES;
				IPHONEOS_DEPLOYMENT_TARGET = 8.3;
				MTL_ENABLE_DEBUG_INFO = NO;
				SDKROOT = iphoneos;
				VALIDATE_PRODUCT = YES;
			};
			name = Release;
		};
		37179B3D1B3148A600EA23FA /* Debug */ = {
			isa = XCBuildConfiguration;
			buildSettings = {
				ASSETCATALOG_COMPILER_APPICON_NAME = AppIcon;
				INFOPLIST_FILE = kankouApp/Info.plist;
				LD_RUNPATH_SEARCH_PATHS = "$(inherited) @executable_path/Frameworks";
				PRODUCT_NAME = "$(TARGET_NAME)";
			};
			name = Debug;
		};
		37179B3E1B3148A600EA23FA /* Release */ = {
			isa = XCBuildConfiguration;
			buildSettings = {
				ASSETCATALOG_COMPILER_APPICON_NAME = AppIcon;
				INFOPLIST_FILE = kankouApp/Info.plist;
				LD_RUNPATH_SEARCH_PATHS = "$(inherited) @executable_path/Frameworks";
				PRODUCT_NAME = "$(TARGET_NAME)";
			};
			name = Release;
		};
		37179B401B3148A600EA23FA /* Debug */ = {
			isa = XCBuildConfiguration;
			buildSettings = {
				BUNDLE_LOADER = "$(TEST_HOST)";
				FRAMEWORK_SEARCH_PATHS = (
					"$(SDKROOT)/Developer/Library/Frameworks",
					"$(inherited)",
				);
				GCC_PREPROCESSOR_DEFINITIONS = (
					"DEBUG=1",
					"$(inherited)",
				);
				INFOPLIST_FILE = kankouAppTests/Info.plist;
				LD_RUNPATH_SEARCH_PATHS = "$(inherited) @executable_path/Frameworks @loader_path/Frameworks";
				PRODUCT_NAME = "$(TARGET_NAME)";
				TEST_HOST = "$(BUILT_PRODUCTS_DIR)/kankouApp.app/kankouApp";
			};
			name = Debug;
		};
		37179B411B3148A600EA23FA /* Release */ = {
			isa = XCBuildConfiguration;
			buildSettings = {
				BUNDLE_LOADER = "$(TEST_HOST)";
				FRAMEWORK_SEARCH_PATHS = (
					"$(SDKROOT)/Developer/Library/Frameworks",
					"$(inherited)",
				);
				INFOPLIST_FILE = kankouAppTests/Info.plist;
				LD_RUNPATH_SEARCH_PATHS = "$(inherited) @executable_path/Frameworks @loader_path/Frameworks";
				PRODUCT_NAME = "$(TARGET_NAME)";
				TEST_HOST = "$(BUILT_PRODUCTS_DIR)/kankouApp.app/kankouApp";
			};
			name = Release;
		};
/* End XCBuildConfiguration section */

/* Begin XCConfigurationList section */
		37179B181B3148A600EA23FA /* Build configuration list for PBXProject "kankouApp" */ = {
			isa = XCConfigurationList;
			buildConfigurations = (
				37179B3A1B3148A600EA23FA /* Debug */,
				37179B3B1B3148A600EA23FA /* Release */,
			);
			defaultConfigurationIsVisible = 0;
			defaultConfigurationName = Release;
		};
		37179B3C1B3148A600EA23FA /* Build configuration list for PBXNativeTarget "kankouApp" */ = {
			isa = XCConfigurationList;
			buildConfigurations = (
				37179B3D1B3148A600EA23FA /* Debug */,
				37179B3E1B3148A600EA23FA /* Release */,
			);
			defaultConfigurationIsVisible = 0;
			defaultConfigurationName = Release;
		};
		37179B3F1B3148A600EA23FA /* Build configuration list for PBXNativeTarget "kankouAppTests" */ = {
			isa = XCConfigurationList;
			buildConfigurations = (
				37179B401B3148A600EA23FA /* Debug */,
				37179B411B3148A600EA23FA /* Release */,
			);
			defaultConfigurationIsVisible = 0;
			defaultConfigurationName = Release;
		};
/* End XCConfigurationList section */
	};
	rootObject = 37179B151B3148A600EA23FA /* Project object */;
}
